
Microsoft Visual Studio Solution File, Format Version 12.00
# Visual Studio Version 17
VisualStudioVersion = 17.9.34701.34
MinimumVisualStudioVersion = 10.0.40219.1
Project("{FAE04EC0-301F-11D3-BF4B-00C04F79EFBC}") = "Mini Console App", "Mini Console App.csproj", "{60A81CD5-958E-4BED-A3E4-C31A410D83B3}"
EndProject
Global
	GlobalSection(SolutionConfigurationPlatforms) = preSolution
		Debug|Any CPU = Debug|Any CPU
		Release|Any CPU = Release|Any CPU
	EndGlobalSection
	GlobalSection(ProjectConfigurationPlatforms) = postSolution
		{60A81CD5-958E-4BED-A3E4-C31A410D83B3}.Debug|Any CPU.ActiveCfg = Debug|Any CPU
		{60A81CD5-958E-4BED-A3E4-C31A410D83B3}.Debug|Any CPU.Build.0 = Debug|Any CPU
		{60A81CD5-958E-4BED-A3E4-C31A410D83B3}.Release|Any CPU.ActiveCfg = Release|Any CPU
		{60A81CD5-958E-4BED-A3E4-C31A410D83B3}.Release|Any CPU.Build.0 = Release|Any CPU
	EndGlobalSection
	GlobalSection(SolutionProperties) = preSolution
		HideSolutionNode = FALSE
	EndGlobalSection
	GlobalSection(ExtensibilityGlobals) = postSolution
		SolutionGuid = {BBC31004-80F0-49BF-AACA-F1CA4709C035}
	EndGlobalSection
EndGlobal
